
Microsoft Visual Studio Solution File, Format Version 11.00
# Visual Studio 2010
Project("{FAE04EC0-301F-11D3-BF4B-00C04F79EFBC}") = "Assembly-CSharp-Editor-firstpass", "Assembly-CSharp-Editor-firstpass.csproj", "{9e273559-b5e8-9056-0f15-8795da600328}"
EndProject
Project("{FAE04EC0-301F-11D3-BF4B-00C04F79EFBC}") = "Assembly-CSharp-firstpass", "Assembly-CSharp-firstpass.csproj", "{d312dbef-1b2c-06e9-bf68-c048be727d65}"
EndProject
Project("{FAE04EC0-301F-11D3-BF4B-00C04F79EFBC}") = "Assembly-CSharp", "Assembly-CSharp.csproj", "{048ae43f-295d-1314-e215-1ecb2767faa4}"
EndProject
Global
	GlobalSection(SolutionConfigurationPlatforms) = preSolution
		Debug|Any CPU = Debug|Any CPU
	EndGlobalSection
	GlobalSection(ProjectConfigurationPlatforms) = postSolution
		{9e273559-b5e8-9056-0f15-8795da600328}.Debug|Any CPU.ActiveCfg = Debug|Any CPU
		{9e273559-b5e8-9056-0f15-8795da600328}.Debug|Any CPU.Build.0 = Debug|Any CPU
		{d312dbef-1b2c-06e9-bf68-c048be727d65}.Debug|Any CPU.ActiveCfg = Debug|Any CPU
		{d312dbef-1b2c-06e9-bf68-c048be727d65}.Debug|Any CPU.Build.0 = Debug|Any CPU
		{048ae43f-295d-1314-e215-1ecb2767faa4}.Debug|Any CPU.ActiveCfg = Debug|Any CPU
		{048ae43f-295d-1314-e215-1ecb2767faa4}.Debug|Any CPU.Build.0 = Debug|Any CPU
	EndGlobalSection
	GlobalSection(SolutionProperties) = preSolution
		HideSolutionNode = FALSE
	EndGlobalSection
EndGlobal
